// !$*UTF8*$!
{
	archiveVersion = 1;
	classes = {
	};
	objectVersion = 50;
	objects = {

/* Begin PBXBuildFile section */
		8CB0F8452105AB9700C74750 /* AppDelegate.m in Sources */ = {isa = PBXBuildFile; fileRef = 8CB0F8442105AB9700C74750 /* AppDelegate.m */; };
		8CB0F8482105AB9700C74750 /* ViewController.m in Sources */ = {isa = PBXBuildFile; fileRef = 8CB0F8472105AB9700C74750 /* ViewController.m */; };
		8CB0F84B2105AB9700C74750 /* Main.storyboard in Resources */ = {isa = PBXBuildFile; fileRef = 8CB0F8492105AB9700C74750 /* Main.storyboard */; };
		8CB0F84D2105AB9800C74750 /* Assets.xcassets in Resources */ = {isa = PBXBuildFile; fileRef = 8CB0F84C2105AB9800C74750 /* Assets.xcassets */; };
		8CB0F8502105AB9800C74750 /* LaunchScreen.storyboard in Resources */ = {isa = PBXBuildFile; fileRef = 8CB0F84E2105AB9800C74750 /* LaunchScreen.storyboard */; };
		8CB0F8532105AB9800C74750 /* main.m in Sources */ = {isa = PBXBuildFile; fileRef = 8CB0F8522105AB9800C74750 /* main.m */; };
/* End PBXBuildFile section */

/* Begin PBXFileReference section */
		8CB0F8402105AB9700C74750 /* XXMultithreadingDemo.app */ = {isa = PBXFileReference; explicitFileType = wrapper.application; includeInIndex = 0; path = XXMultithreadingDemo.app; sourceTree = BUILT_PRODUCTS_DIR; };
		8CB0F8432105AB9700C74750 /* AppDelegate.h */ = {isa = PBXFileReference; lastKnownFileType = sourcecode.c.h; path = AppDelegate.h; sourceTree = "<group>"; };
		8CB0F8442105AB9700C74750 /* AppDelegate.m */ = {isa = PBXFileReference; lastKnownFileType = sourcecode.c.objc; path = AppDelegate.m; sourceTree = "<group>"; };
		8CB0F8462105AB9700C74750 /* ViewController.h */ = {isa = PBXFileReference; lastKnownFileType = sourcecode.c.h; path = ViewController.h; sourceTree = "<group>"; };
		8CB0F8472105AB9700C74750 /* ViewController.m */ = {isa = PBXFileReference; lastKnownFileType = sourcecode.c.objc; path = ViewController.m; sourceTree = "<group>"; };
		8CB0F84A2105AB9700C74750 /* Base */ = {isa = PBXFileReference; lastKnownFileType = file.storyboard; name = Base; path = Base.lproj/Main.storyboard; sourceTree = "<group>"; };
		8CB0F84C2105AB9800C74750 /* Assets.xcassets */ = {isa = PBXFileReference; lastKnownFileType = folder.assetcatalog; path = Assets.xcassets; sourceTree = "<group>"; };
		8CB0F84F2105AB9800C74750 /* Base */ = {isa = PBXFileReference; lastKnownFileType = file.storyboard; name = Base; path = Base.lproj/LaunchScreen.storyboard; sourceTree = "<group>"; };
		8CB0F8512105AB9800C74750 /* Info.plist */ = {isa = PBXFileReference; lastKnownFileType = text.plist.xml; path = Info.plist; sourceTree = "<group>"; };
		8CB0F8522105AB9800C74750 /* main.m */ = {isa = PBXFileReference; lastKnownFileType = sourcecode.c.objc; path = main.m; sourceTree = "<group>"; };
/* End PBXFileReference section */

/* Begin PBXFrameworksBuildPhase section */
		8CB0F83D2105AB9700C74750 /* Frameworks */ = {
			isa = PBXFrameworksBuildPhase;
			buildActionMask = 2147483647;
			files = (
			);
			runOnlyForDeploymentPostprocessing = 0;
		};
/* End PBXFrameworksBuildPhase section */

/* Begin PBXGroup section */
		8CB0F8372105AB9700C74750 = {
			isa = PBXGroup;
			children = (
				8CB0F8422105AB9700C74750 /* XXMultithreadingDemo */,
				8CB0F8412105AB9700C74750 /* Products */,
			);
			sourceTree = "<group>";
		};
		8CB0F8412105AB9700C74750 /* Products */ = {
			isa = PBXGroup;
			children = (
				8CB0F8402105AB9700C74750 /* XXMultithreadingDemo.app */,
			);
			name = Products;
			sourceTree = "<group>";
		};
		8CB0F8422105AB9700C74750 /* XXMultithreadingDemo */ = {
			isa = PBXGroup;
			children = (
				8CB0F8432105AB9700C74750 /* AppDelegate.h */,
				8CB0F8442105AB9700C74750 /* AppDelegate.m */,
				8CB0F8462105AB9700C74750 /* ViewController.h */,
				8CB0F8472105AB9700C74750 /* ViewController.m */,
				8CB0F8492105AB9700C74750 /* Main.storyboard */,
				8CB0F84C2105AB9800C74750 /* Assets.xcassets */,
				8CB0F84E2105AB9800C74750 /* LaunchScreen.storyboard */,
				8CB0F8512105AB9800C74750 /* Info.plist */,
				8CB0F8522105AB9800C74750 /* main.m */,
			);
			path = XXMultithreadingDemo;
			sourceTree = "<group>";
		};
/* End PBXGroup section */

/* Begin PBXNativeTarget section */
		8CB0F83F2105AB9700C74750 /* XXMultithreadingDemo */ = {
			isa = PBXNativeTarget;
			buildConfigurationList = 8CB0F8562105AB9800C74750 /* Build configuration list for PBXNativeTarget "XXMultithreadingDemo" */;
			buildPhases = (
				8CB0F83C2105AB9700C74750 /* Sources */,
				8CB0F83D2105AB9700C74750 /* Frameworks */,
				8CB0F83E2105AB9700C74750 /* Resources */,
			);
			buildRules = (
			);
			dependencies = (
			);
			name = XXMultithreadingDemo;
			productName = XXMultithreadingDemo;
			productReference = 8CB0F8402105AB9700C74750 /* XXMultithreadingDemo.app */;
			productType = "com.apple.product-type.application";
		};
/* End PBXNativeTarget section */

/* Begin PBXProject section */
		8CB0F8382105AB9700C74750 /* Project object */ = {
			isa = PBXProject;
			attributes = {
				LastUpgradeCheck = 0930;
				ORGANIZATIONNAME = iGIngko;
				TargetAttributes = {
					8CB0F83F2105AB9700C74750 = {
						CreatedOnToolsVersion = 9.3;
					};
				};
			};
			buildConfigurationList = 8CB0F83B2105AB9700C74750 /* Build configuration list for PBXProject "XXMultithreadingDemo" */;
			compatibilityVersion = "Xcode 9.3";
			developmentRegion = en;
			hasScannedForEncodings = 0;
			knownRegions = (
				en,
				Base,
			);
			mainGroup = 8CB0F8372105AB9700C74750;
			productRefGroup = 8CB0F8412105AB9700C74750 /* Products */;
			projectDirPath = "";
			projectRoot = "";
			targets = (
				8CB0F83F2105AB9700C74750 /* XXMultithreadingDemo */,
			);
		};
/* End PBXProject section */

/* Begin PBXResourcesBuildPhase section */
		8CB0F83E2105AB9700C74750 /* Resources */ = {
			isa = PBXResourcesBuildPhase;
			buildActionMask = 2147483647;
			files = (
				8CB0F8502105AB9800C74750 /* LaunchScreen.storyboard in Resources */,
				8CB0F84D2105AB9800C74750 /* Assets.xcassets in Resources */,
				8CB0F84B2105AB9700C74750 /* Main.storyboard in Resources */,
			);
			runOnlyForDeploymentPostprocessing = 0;
		};
/* End PBXResourcesBuildPhase section */

/* Begin PBXSourcesBuildPhase section */
		8CB0F83C2105AB9700C74750 /* Sources */ = {
			isa = PBXSourcesBuildPhase;
			buildActionMask = 2147483647;
			files = (
				8CB0F8482105AB9700C74750 /* ViewController.m in Sources */,
				8CB0F8532105AB9800C74750 /* main.m in Sources */,
				8CB0F8452105AB9700C74750 /* AppDelegate.m in Sources */,
			);
			runOnlyForDeploymentPostprocessing = 0;
		};
/* End PBXSourcesBuildPhase section */

/* Begin PBXVariantGroup section */
		8CB0F8492105AB9700C74750 /* Main.storyboard */ = {
			isa = PBXVariantGroup;
			children = (
				8CB0F84A2105AB9700C74750 /* Base */,
			);
			name = Main.storyboard;
			sourceTree = "<group>";
		};
		8CB0F84E2105AB9800C74750 /* LaunchScreen.storyboard */ = {
			isa = PBXVariantGroup;
			children = (
				8CB0F84F2105AB9800C74750 /* Base */,
			);
			name = LaunchScreen.storyboard;
			sourceTree = "<group>";
		};
/* End PBXVariantGroup section */

/* Begin XCBuildConfiguration section */
		8CB0F8542105AB9800C74750 /* Debug */ = {
			isa = XCBuildConfiguration;
			buildSettings = {
				ALWAYS_SEARCH_USER_PATHS = NO;
				CLANG_ANALYZER_NONNULL = YES;
				CLANG_ANALYZER_NUMBER_OBJECT_CONVERSION = YES_AGGRESSIVE;
				CLANG_CXX_LANGUAGE_STANDARD = "gnu++14";
				CLANG_CXX_LIBRARY = "libc++";
				CLANG_ENABLE_MODULES = YES;
				CLANG_ENABLE_OBJC_ARC = YES;
				CLANG_ENABLE_OBJC_WEAK = YES;
				CLANG_WARN_BLOCK_CAPTURE_AUTORELEASING = YES;
				CLANG_WARN_BOOL_CONVERSION = YES;
				CLANG_WARN_COMMA = YES;
				CLANG_WARN_CONSTANT_CONVERSION = YES;
				CLANG_WARN_DEPRECATED_OBJC_IMPLEMENTATIONS = YES;
				CLANG_WARN_DIRECT_OBJC_ISA_USAGE = YES_ERROR;
				CLANG_WARN_DOCUMENTATION_COMMENTS = YES;
				CLANG_WARN_EMPTY_BODY = YES;
				CLANG_WARN_ENUM_CONVERSION = YES;
				CLANG_WARN_INFINITE_RECURSION = YES;
				CLANG_WARN_INT_CONVERSION = YES;
				CLANG_WARN_NON_LITERAL_NULL_CONVERSION = YES;
				CLANG_WARN_OBJC_IMPLICIT_RETAIN_SELF = YES;
				CLANG_WARN_OBJC_LITERAL_CONVERSION = YES;
				CLANG_WARN_OBJC_ROOT_CLASS = YES_ERROR;
				CLANG_WARN_RANGE_LOOP_ANALYSIS = YES;
				CLANG_WARN_STRICT_PROTOTYPES = YES;
				CLANG_WARN_SUSPICIOUS_MOVE = YES;
				CLANG_WARN_UNGUARDED_AVAILABILITY = YES_AGGRESSIVE;
				CLANG_WARN_UNREACHABLE_CODE = YES;
				CLANG_WARN__DUPLICATE_METHOD_MATCH = YES;
				CODE_SIGN_IDENTITY = "iPhone Developer";
				COPY_PHASE_STRIP = NO;
				DEBUG_INFORMATION_FORMAT = dwarf;
				ENABLE_STRICT_OBJC_MSGSEND = YES;
				ENABLE_TESTABILITY = YES;
				GCC_C_LANGUAGE_STANDARD = gnu11;
				GCC_DYNAMIC_NO_PIC = NO;
				GCC_NO_COMMON_BLOCKS = YES;
				GCC_OPTIMIZATION_LEVEL = 0;
				GCC_PREPROCESSOR_DEFINITIONS = (
					"DEBUG=1",
					"$(inherited)",
				);
				GCC_WARN_64_TO_32_BIT_CONVERSION = YES;
				GCC_WARN_ABOUT_RETURN_TYPE = YES_ERROR;
				GCC_WARN_UNDECLARED_SELECTOR = YES;
				GCC_WARN_UNINITIALIZED_AUTOS = YES_AGGRESSIVE;
				GCC_WARN_UNUSED_FUNCTION = YES;
				GCC_WARN_UNUSED_VARIABLE = YES;
				IPHONEOS_DEPLOYMENT_TARGET = 11.3;
				MTL_ENABLE_DEBUG_INFO = YES;
				ONLY_ACTIVE_ARCH = YES;
				SDKROOT = iphoneos;
			};
			name = Debug;
		};
		8CB0F8552105AB9800C74750 /* Release */ = {
			isa = XCBuildConfiguration;
			buildSettings = {
				ALWAYS_SEARCH_USER_PATHS = NO;
				CLANG_ANALYZER_NONNULL = YES;
				CLANG_ANALYZER_NUMBER_OBJECT_CONVERSION = YES_AGGRESSIVE;
				CLANG_CXX_LANGUAGE_STANDARD = "gnu++14";
				CLANG_CXX_LIBRARY = "libc++";
				CLANG_ENABLE_MODULES = YES;
				CLANG_ENABLE_OBJC_ARC = YES;
				CLANG_ENABLE_OBJC_WEAK = YES;
				CLANG_WARN_BLOCK_CAPTURE_AUTORELEASING = YES;
				CLANG_WARN_BOOL_CONVERSION = YES;
				CLANG_WARN_COMMA = YES;
				CLANG_WARN_CONSTANT_CONVERSION = YES;
				CLANG_WARN_DEPRECATED_OBJC_IMPLEMENTATIONS = YES;
				CLANG_WARN_DIRECT_OBJC_ISA_USAGE = YES_ERROR;
				CLANG_WARN_DOCUMENTATION_COMMENTS = YES;
				CLANG_WARN_EMPTY_BODY = YES;
				CLANG_WARN_ENUM_CONVERSION = YES;
				CLANG_WARN_INFINITE_RECURSION = YES;
				CLANG_WARN_INT_CONVERSION = YES;
				CLANG_WARN_NON_LITERAL_NULL_CONVERSION = YES;
				CLANG_WARN_OBJC_IMPLICIT_RETAIN_SELF = YES;
				CLANG_WARN_OBJC_LITERAL_CONVERSION = YES;
				CLANG_WARN_OBJC_ROOT_CLASS = YES_ERROR;
				CLANG_WARN_RANGE_LOOP_ANALYSIS = YES;
				CLANG_WARN_STRICT_PROTOTYPES = YES;
				CLANG_WARN_SUSPICIOUS_MOVE = YES;
				CLANG_WARN_UNGUARDED_AVAILABILITY = YES_AGGRESSIVE;
				CLANG_WARN_UNREACHABLE_CODE = YES;
				CLANG_WARN__DUPLICATE_METHOD_MATCH = YES;
				CODE_SIGN_IDENTITY = "iPhone Developer";
				COPY_PHASE_STRIP = NO;
				DEBUG_INFORMATION_FORMAT = "dwarf-with-dsym";
				ENABLE_NS_ASSERTIONS = NO;
				ENABLE_STRICT_OBJC_MSGSEND = YES;
				GCC_C_LANGUAGE_STANDARD = gnu11;
				GCC_NO_COMMON_BLOCKS = YES;
				GCC_WARN_64_TO_32_BIT_CONVERSION = YES;
				GCC_WARN_ABOUT_RETURN_TYPE = YES_ERROR;
				GCC_WARN_UNDECLARED_SELECTOR = YES;
				GCC_WARN_UNINITIALIZED_AUTOS = YES_AGGRESSIVE;
				GCC_WARN_UNUSED_FUNCTION = YES;
				GCC_WARN_UNUSED_VARIABLE = YES;
				IPHONEOS_DEPLOYMENT_TARGET = 11.3;
				MTL_ENABLE_DEBUG_INFO = NO;
				SDKROOT = iphoneos;
				VALIDATE_PRODUCT = YES;
			};
			name = Release;
		};
		8CB0F8572105AB9800C74750 /* Debug */ = {
			isa = XCBuildConfiguration;
			buildSettings = {
				ASSETCATALOG_COMPILER_APPICON_NAME = AppIcon;
				CODE_SIGN_STYLE = Automatic;
				INFOPLIST_FILE = XXMultithreadingDemo/Info.plist;
				LD_RUNPATH_SEARCH_PATHS = (
					"$(inherited)",
					"@executable_path/Frameworks",
				);
				PRODUCT_BUNDLE_IDENTIFIER = org.cocoapods.demo..XXMultithreadingDemo;
				PRODUCT_NAME = "$(TARGET_NAME)";
				TARGETED_DEVICE_FAMILY = "1,2";
			};
			name = Debug;
		};
		8CB0F8582105AB9800C74750 /* Release */ = {
			isa = XCBuildConfiguration;
			buildSettings = {
				ASSETCATALOG_COMPILER_APPICON_NAME = AppIcon;
				CODE_SIGN_STYLE = Automatic;
				INFOPLIST_FILE = XXMultithreadingDemo/Info.plist;
				LD_RUNPATH_SEARCH_PATHS = (
					"$(inherited)",
					"@executable_path/Frameworks",
				);
				PRODUCT_BUNDLE_IDENTIFIER = org.cocoapods.demo..XXMultithreadingDemo;
				PRODUCT_NAME = "$(TARGET_NAME)";
				TARGETED_DEVICE_FAMILY = "1,2";
			};
			name = Release;
		};
/* End XCBuildConfiguration section */

/* Begin XCConfigurationList section */
		8CB0F83B2105AB9700C74750 /* Build configuration list for PBXProject "XXMultithreadingDemo" */ = {
			isa = XCConfigurationList;
			buildConfigurations = (
				8CB0F8542105AB9800C74750 /* Debug */,
				8CB0F8552105AB9800C74750 /* Release */,
			);
			defaultConfigurationIsVisible = 0;
			defaultConfigurationName = Release;
		};
		8CB0F8562105AB9800C74750 /* Build configuration list for PBXNativeTarget "XXMultithreadingDemo" */ = {
			isa = XCConfigurationList;
			buildConfigurations = (
				8CB0F8572105AB9800C74750 /* Debug */,
				8CB0F8582105AB9800C74750 /* Release */,
			);
			defaultConfigurationIsVisible = 0;
			defaultConfigurationName = Release;
		};
/* End XCConfigurationList section */
	};
	rootObject = 8CB0F8382105AB9700C74750 /* Project object */;
}
